
Microsoft Visual Studio Solution File, Format Version 12.00
# Visual Studio 15
VisualStudioVersion = 15.0.28307.1062
MinimumVisualStudioVersion = 10.0.40219.1
Project("{FAE04EC0-301F-11D3-BF4B-00C04F79EFBC}") = "XamarinApp.Android", "XamarinApp\XamarinApp.Android\XamarinApp.Android.csproj", "{B6AA0C4F-EAB8-49F3-8C53-210F2D805431}"
EndProject
Project("{FAE04EC0-301F-11D3-BF4B-00C04F79EFBC}") = "XamarinApp.iOS", "XamarinApp\XamarinApp.iOS\XamarinApp.iOS.csproj", "{30CA95DC-934E-4F16-B4A8-CF34C1CEAEA4}"
EndProject
Project("{FAE04EC0-301F-11D3-BF4B-00C04F79EFBC}") = "XamarinApp", "XamarinApp\XamarinApp\XamarinApp.csproj", "{F3AEA048-D0F0-46D1-B5B0-983DDAD28052}"
EndProject
Global
	GlobalSection(SolutionConfigurationPlatforms) = preSolution
		Ad-Hoc|Any CPU = Ad-Hoc|Any CPU
		Ad-Hoc|iPhone = Ad-Hoc|iPhone
		Ad-Hoc|iPhoneSimulator = Ad-Hoc|iPhoneSimulator
		AppStore|Any CPU = AppStore|Any CPU
		AppStore|iPhone = AppStore|iPhone
		AppStore|iPhoneSimulator = AppStore|iPhoneSimulator
		Debug|Any CPU = Debug|Any CPU
		Debug|iPhone = Debug|iPhone
		Debug|iPhoneSimulator = Debug|iPhoneSimulator
		Release|Any CPU = Release|Any CPU
		Release|iPhone = Release|iPhone
		Release|iPhoneSimulator = Release|iPhoneSimulator
	EndGlobalSection
	GlobalSection(ProjectConfigurationPlatforms) = postSolution
		{B6AA0C4F-EAB8-49F3-8C53-210F2D805431}.Ad-Hoc|Any CPU.ActiveCfg = Release|Any CPU
		{B6AA0C4F-EAB8-49F3-8C53-210F2D805431}.Ad-Hoc|Any CPU.Build.0 = Release|Any CPU
		{B6AA0C4F-EAB8-49F3-8C53-210F2D805431}.Ad-Hoc|Any CPU.Deploy.0 = Release|Any CPU
		{B6AA0C4F-EAB8-49F3-8C53-210F2D805431}.Ad-Hoc|iPhone.ActiveCfg = Release|Any CPU
		{B6AA0C4F-EAB8-49F3-8C53-210F2D805431}.Ad-Hoc|iPhone.Build.0 = Release|Any CPU
		{B6AA0C4F-EAB8-49F3-8C53-210F2D805431}.Ad-Hoc|iPhone.Deploy.0 = Release|Any CPU
		{B6AA0C4F-EAB8-49F3-8C53-210F2D805431}.Ad-Hoc|iPhoneSimulator.ActiveCfg = Release|Any CPU
		{B6AA0C4F-EAB8-49F3-8C53-210F2D805431}.Ad-Hoc|iPhoneSimulator.Build.0 = Release|Any CPU
		{B6AA0C4F-EAB8-49F3-8C53-210F2D805431}.Ad-Hoc|iPhoneSimulator.Deploy.0 = Release|Any CPU
		{B6AA0C4F-EAB8-49F3-8C53-210F2D805431}.AppStore|Any CPU.ActiveCfg = Release|Any CPU
		{B6AA0C4F-EAB8-49F3-8C53-210F2D805431}.AppStore|Any CPU.Build.0 = Release|Any CPU
		{B6AA0C4F-EAB8-49F3-8C53-210F2D805431}.AppStore|Any CPU.Deploy.0 = Release|Any CPU
		{B6AA0C4F-EAB8-49F3-8C53-210F2D805431}.AppStore|iPhone.ActiveCfg = Release|Any CPU
		{B6AA0C4F-EAB8-49F3-8C53-210F2D805431}.AppStore|iPhone.Build.0 = Release|Any CPU
		{B6AA0C4F-EAB8-49F3-8C53-210F2D805431}.AppStore|iPhone.Deploy.0 = Release|Any CPU
		{B6AA0C4F-EAB8-49F3-8C53-210F2D805431}.AppStore|iPhoneSimulator.ActiveCfg = Release|Any CPU
		{B6AA0C4F-EAB8-49F3-8C53-210F2D805431}.AppStore|iPhoneSimulator.Build.0 = Release|Any CPU
		{B6AA0C4F-EAB8-49F3-8C53-210F2D805431}.AppStore|iPhoneSimulator.Deploy.0 = Release|Any CPU
		{B6AA0C4F-EAB8-49F3-8C53-210F2D805431}.Debug|Any CPU.ActiveCfg = Debug|Any CPU
		{B6AA0C4F-EAB8-49F3-8C53-210F2D805431}.Debug|Any CPU.Build.0 = Debug|Any CPU
		{B6AA0C4F-EAB8-49F3-8C53-210F2D805431}.Debug|Any CPU.Deploy.0 = Debug|Any CPU
		{B6AA0C4F-EAB8-49F3-8C53-210F2D805431}.Debug|iPhone.ActiveCfg = Debug|Any CPU
		{B6AA0C4F-EAB8-49F3-8C53-210F2D805431}.Debug|iPhone.Build.0 = Debug|Any CPU
		{B6AA0C4F-EAB8-49F3-8C53-210F2D805431}.Debug|iPhone.Deploy.0 = Debug|Any CPU
		{B6AA0C4F-EAB8-49F3-8C53-210F2D805431}.Debug|iPhoneSimulator.ActiveCfg = Debug|Any CPU
		{B6AA0C4F-EAB8-49F3-8C53-210F2D805431}.Debug|iPhoneSimulator.Build.0 = Debug|Any CPU
		{B6AA0C4F-EAB8-49F3-8C53-210F2D805431}.Debug|iPhoneSimulator.Deploy.0 = Debug|Any CPU
		{B6AA0C4F-EAB8-49F3-8C53-210F2D805431}.Release|Any CPU.ActiveCfg = Release|Any CPU
		{B6AA0C4F-EAB8-49F3-8C53-210F2D805431}.Release|Any CPU.Build.0 = Release|Any CPU
		{B6AA0C4F-EAB8-49F3-8C53-210F2D805431}.Release|Any CPU.Deploy.0 = Release|Any CPU
		{B6AA0C4F-EAB8-49F3-8C53-210F2D805431}.Release|iPhone.ActiveCfg = Release|Any CPU
		{B6AA0C4F-EAB8-49F3-8C53-210F2D805431}.Release|iPhone.Build.0 = Release|Any CPU
		{B6AA0C4F-EAB8-49F3-8C53-210F2D805431}.Release|iPhone.Deploy.0 = Release|Any CPU
		{B6AA0C4F-EAB8-49F3-8C53-210F2D805431}.Release|iPhoneSimulator.ActiveCfg = Release|Any CPU
		{B6AA0C4F-EAB8-49F3-8C53-210F2D805431}.Release|iPhoneSimulator.Build.0 = Release|Any CPU
		{B6AA0C4F-EAB8-49F3-8C53-210F2D805431}.Release|iPhoneSimulator.Deploy.0 = Release|Any CPU
		{30CA95DC-934E-4F16-B4A8-CF34C1CEAEA4}.Ad-Hoc|Any CPU.ActiveCfg = Ad-Hoc|iPhone
		{30CA95DC-934E-4F16-B4A8-CF34C1CEAEA4}.Ad-Hoc|Any CPU.Build.0 = Ad-Hoc|iPhone
		{30CA95DC-934E-4F16-B4A8-CF34C1CEAEA4}.Ad-Hoc|Any CPU.Deploy.0 = Ad-Hoc|iPhone
		{30CA95DC-934E-4F16-B4A8-CF34C1CEAEA4}.Ad-Hoc|iPhone.ActiveCfg = Ad-Hoc|iPhone
		{30CA95DC-934E-4F16-B4A8-CF34C1CEAEA4}.Ad-Hoc|iPhone.Build.0 = Ad-Hoc|iPhone
		{30CA95DC-934E-4F16-B4A8-CF34C1CEAEA4}.Ad-Hoc|iPhone.Deploy.0 = Ad-Hoc|iPhone
		{30CA95DC-934E-4F16-B4A8-CF34C1CEAEA4}.Ad-Hoc|iPhoneSimulator.ActiveCfg = Ad-Hoc|iPhoneSimulator
		{30CA95DC-934E-4F16-B4A8-CF34C1CEAEA4}.Ad-Hoc|iPhoneSimulator.Build.0 = Ad-Hoc|iPhoneSimulator
		{30CA95DC-934E-4F16-B4A8-CF34C1CEAEA4}.Ad-Hoc|iPhoneSimulator.Deploy.0 = Ad-Hoc|iPhoneSimulator
		{30CA95DC-934E-4F16-B4A8-CF34C1CEAEA4}.AppStore|Any CPU.ActiveCfg = AppStore|iPhone
		{30CA95DC-934E-4F16-B4A8-CF34C1CEAEA4}.AppStore|Any CPU.Build.0 = AppStore|iPhone
		{30CA95DC-934E-4F16-B4A8-CF34C1CEAEA4}.AppStore|Any CPU.Deploy.0 = AppStore|iPhone
		{30CA95DC-934E-4F16-B4A8-CF34C1CEAEA4}.AppStore|iPhone.ActiveCfg = AppStore|iPhone
		{30CA95DC-934E-4F16-B4A8-CF34C1CEAEA4}.AppStore|iPhone.Build.0 = AppStore|iPhone
		{30CA95DC-934E-4F16-B4A8-CF34C1CEAEA4}.AppStore|iPhone.Deploy.0 = AppStore|iPhone
		{30CA95DC-934E-4F16-B4A8-CF34C1CEAEA4}.AppStore|iPhoneSimulator.ActiveCfg = AppStore|iPhoneSimulator
		{30CA95DC-934E-4F16-B4A8-CF34C1CEAEA4}.AppStore|iPhoneSimulator.Build.0 = AppStore|iPhoneSimulator
		{30CA95DC-934E-4F16-B4A8-CF34C1CEAEA4}.AppStore|iPhoneSimulator.Deploy.0 = AppStore|iPhoneSimulator
		{30CA95DC-934E-4F16-B4A8-CF34C1CEAEA4}.Debug|Any CPU.ActiveCfg = Debug|iPhoneSimulator
		{30CA95DC-934E-4F16-B4A8-CF34C1CEAEA4}.Debug|Any CPU.Build.0 = Debug|iPhoneSimulator
		{30CA95DC-934E-4F16-B4A8-CF34C1CEAEA4}.Debug|Any CPU.Deploy.0 = Debug|iPhoneSimulator
		{30CA95DC-934E-4F16-B4A8-CF34C1CEAEA4}.Debug|iPhone.ActiveCfg = Debug|iPhone
		{30CA95DC-934E-4F16-B4A8-CF34C1CEAEA4}.Debug|iPhone.Build.0 = Debug|iPhone
		{30CA95DC-934E-4F16-B4A8-CF34C1CEAEA4}.Debug|iPhone.Deploy.0 = Debug|iPhone
		{30CA95DC-934E-4F16-B4A8-CF34C1CEAEA4}.Debug|iPhoneSimulator.ActiveCfg = Debug|iPhoneSimulator
		{30CA95DC-934E-4F16-B4A8-CF34C1CEAEA4}.Debug|iPhoneSimulator.Build.0 = Debug|iPhoneSimulator
		{30CA95DC-934E-4F16-B4A8-CF34C1CEAEA4}.Debug|iPhoneSimulator.Deploy.0 = Debug|iPhoneSimulator
		{30CA95DC-934E-4F16-B4A8-CF34C1CEAEA4}.Release|Any CPU.ActiveCfg = Release|iPhone
		{30CA95DC-934E-4F16-B4A8-CF34C1CEAEA4}.Release|Any CPU.Build.0 = Release|iPhone
		{30CA95DC-934E-4F16-B4A8-CF34C1CEAEA4}.Release|Any CPU.Deploy.0 = Release|iPhone
		{30CA95DC-934E-4F16-B4A8-CF34C1CEAEA4}.Release|iPhone.ActiveCfg = Release|iPhone
		{30CA95DC-934E-4F16-B4A8-CF34C1CEAEA4}.Release|iPhone.Build.0 = Release|iPhone
		{30CA95DC-934E-4F16-B4A8-CF34C1CEAEA4}.Release|iPhone.Deploy.0 = Release|iPhone
		{30CA95DC-934E-4F16-B4A8-CF34C1CEAEA4}.Release|iPhoneSimulator.ActiveCfg = Release|iPhoneSimulator
		{30CA95DC-934E-4F16-B4A8-CF34C1CEAEA4}.Release|iPhoneSimulator.Build.0 = Release|iPhoneSimulator
		{30CA95DC-934E-4F16-B4A8-CF34C1CEAEA4}.Release|iPhoneSimulator.Deploy.0 = Release|iPhoneSimulator
		{F3AEA048-D0F0-46D1-B5B0-983DDAD28052}.Ad-Hoc|Any CPU.ActiveCfg = Debug|Any CPU
		{F3AEA048-D0F0-46D1-B5B0-983DDAD28052}.Ad-Hoc|Any CPU.Build.0 = Debug|Any CPU
		{F3AEA048-D0F0-46D1-B5B0-983DDAD28052}.Ad-Hoc|Any CPU.Deploy.0 = Debug|Any CPU
		{F3AEA048-D0F0-46D1-B5B0-983DDAD28052}.Ad-Hoc|iPhone.ActiveCfg = Debug|Any CPU
		{F3AEA048-D0F0-46D1-B5B0-983DDAD28052}.Ad-Hoc|iPhone.Build.0 = Debug|Any CPU
		{F3AEA048-D0F0-46D1-B5B0-983DDAD28052}.Ad-Hoc|iPhone.Deploy.0 = Debug|Any CPU
		{F3AEA048-D0F0-46D1-B5B0-983DDAD28052}.Ad-Hoc|iPhoneSimulator.ActiveCfg = Debug|Any CPU
		{F3AEA048-D0F0-46D1-B5B0-983DDAD28052}.Ad-Hoc|iPhoneSimulator.Build.0 = Debug|Any CPU
		{F3AEA048-D0F0-46D1-B5B0-983DDAD28052}.Ad-Hoc|iPhoneSimulator.Deploy.0 = Debug|Any CPU
		{F3AEA048-D0F0-46D1-B5B0-983DDAD28052}.AppStore|Any CPU.ActiveCfg = Debug|Any CPU
		{F3AEA048-D0F0-46D1-B5B0-983DDAD28052}.AppStore|Any CPU.Build.0 = Debug|Any CPU
		{F3AEA048-D0F0-46D1-B5B0-983DDAD28052}.AppStore|Any CPU.Deploy.0 = Debug|Any CPU
		{F3AEA048-D0F0-46D1-B5B0-983DDAD28052}.AppStore|iPhone.ActiveCfg = Debug|Any CPU
		{F3AEA048-D0F0-46D1-B5B0-983DDAD28052}.AppStore|iPhone.Build.0 = Debug|Any CPU
		{F3AEA048-D0F0-46D1-B5B0-983DDAD28052}.AppStore|iPhone.Deploy.0 = Debug|Any CPU
		{F3AEA048-D0F0-46D1-B5B0-983DDAD28052}.AppStore|iPhoneSimulator.ActiveCfg = Debug|Any CPU
		{F3AEA048-D0F0-46D1-B5B0-983DDAD28052}.AppStore|iPhoneSimulator.Build.0 = Debug|Any CPU
		{F3AEA048-D0F0-46D1-B5B0-983DDAD28052}.AppStore|iPhoneSimulator.Deploy.0 = Debug|Any CPU
		{F3AEA048-D0F0-46D1-B5B0-983DDAD28052}.Debug|Any CPU.ActiveCfg = Debug|Any CPU
		{F3AEA048-D0F0-46D1-B5B0-983DDAD28052}.Debug|Any CPU.Build.0 = Debug|Any CPU
		{F3AEA048-D0F0-46D1-B5B0-983DDAD28052}.Debug|Any CPU.Deploy.0 = Debug|Any CPU
		{F3AEA048-D0F0-46D1-B5B0-983DDAD28052}.Debug|iPhone.ActiveCfg = Debug|Any CPU
		{F3AEA048-D0F0-46D1-B5B0-983DDAD28052}.Debug|iPhone.Build.0 = Debug|Any CPU
		{F3AEA048-D0F0-46D1-B5B0-983DDAD28052}.Debug|iPhone.Deploy.0 = Debug|Any CPU
		{F3AEA048-D0F0-46D1-B5B0-983DDAD28052}.Debug|iPhoneSimulator.ActiveCfg = Debug|Any CPU
		{F3AEA048-D0F0-46D1-B5B0-983DDAD28052}.Debug|iPhoneSimulator.Build.0 = Debug|Any CPU
		{F3AEA048-D0F0-46D1-B5B0-983DDAD28052}.Debug|iPhoneSimulator.Deploy.0 = Debug|Any CPU
		{F3AEA048-D0F0-46D1-B5B0-983DDAD28052}.Release|Any CPU.ActiveCfg = Release|Any CPU
		{F3AEA048-D0F0-46D1-B5B0-983DDAD28052}.Release|Any CPU.Build.0 = Release|Any CPU
		{F3AEA048-D0F0-46D1-B5B0-983DDAD28052}.Release|Any CPU.Deploy.0 = Release|Any CPU
		{F3AEA048-D0F0-46D1-B5B0-983DDAD28052}.Release|iPhone.ActiveCfg = Release|Any CPU
		{F3AEA048-D0F0-46D1-B5B0-983DDAD28052}.Release|iPhone.Build.0 = Release|Any CPU
		{F3AEA048-D0F0-46D1-B5B0-983DDAD28052}.Release|iPhone.Deploy.0 = Release|Any CPU
		{F3AEA048-D0F0-46D1-B5B0-983DDAD28052}.Release|iPhoneSimulator.ActiveCfg = Release|Any CPU
		{F3AEA048-D0F0-46D1-B5B0-983DDAD28052}.Release|iPhoneSimulator.Build.0 = Release|Any CPU
		{F3AEA048-D0F0-46D1-B5B0-983DDAD28052}.Release|iPhoneSimulator.Deploy.0 = Release|Any CPU
	EndGlobalSection
	GlobalSection(SolutionProperties) = preSolution
		HideSolutionNode = FALSE
	EndGlobalSection
	GlobalSection(ExtensibilityGlobals) = postSolution
		SolutionGuid = {9DDB4F81-3693-4D47-AB9E-F431B9A4F2F2}
	EndGlobalSection
EndGlobal
